# This file is autogenerated, do not edit; changes may be undone by the next 'dep ensure'.


[[projects]]
  name = "github.com/dgrijalva/jwt-go"
  packages = ["."]
  revision = "d2709f9f1f31ebcda9651b03077758c1f3a0018c"
  version = "v3.0.0"

[[projects]]
  branch = "master"
  name = "github.com/lib/pq"
  packages = [".","oid"]
  revision = "8837942c3e09574accbc5f150e2c5e057189cace"

[[projects]]
  name = "github.com/pborman/uuid"
  packages = ["."]
  revision = "a97ce2ca70fa5a848076093f05e639a89ca34d06"
  version = "v1.0"

[[projects]]
  name = "github.com/pkg/errors"
  packages = ["."]
  revision = "645ef00459ed84a119197bfb8d8205042c6df63d"
  version = "v0.8.0"

[[projects]]
  branch = "master"
  name = "golang.org/x/crypto"
  packages = ["bcrypt","blowfish"]
  revision = "5ef0053f77724838734b6945dd364d3847e5de1d"

[solve-meta]
  analyzer-name = "dep"
  analyzer-version = 1
  inputs-digest = "4d230faa22b6d60a523c5e98f956b1995ae06af07bc864a247e70aaa18b3f22e"
  solver-name = "gps-cdcl"
  solver-version = 1
